
Microsoft Visual Studio Solution File, Format Version 12.00
# Visual Studio 15
VisualStudioVersion = 15.0.26730.15
MinimumVisualStudioVersion = 10.0.40219.1
Project("{FAE04EC0-301F-11D3-BF4B-00C04F79EFBC}") = "condional-statement", "condional-statement\condional-statement.csproj", "{60BBE040-66C6-478D-A9E2-FBB4494FA8F2}"
EndProject
Global
	GlobalSection(SolutionConfigurationPlatforms) = preSolution
		Debug|Any CPU = Debug|Any CPU
		Release|Any CPU = Release|Any CPU
	EndGlobalSection
	GlobalSection(ProjectConfigurationPlatforms) = postSolution
		{60BBE040-66C6-478D-A9E2-FBB4494FA8F2}.Debug|Any CPU.ActiveCfg = Debug|Any CPU
		{60BBE040-66C6-478D-A9E2-FBB4494FA8F2}.Debug|Any CPU.Build.0 = Debug|Any CPU
		{60BBE040-66C6-478D-A9E2-FBB4494FA8F2}.Release|Any CPU.ActiveCfg = Release|Any CPU
		{60BBE040-66C6-478D-A9E2-FBB4494FA8F2}.Release|Any CPU.Build.0 = Release|Any CPU
	EndGlobalSection
	GlobalSection(SolutionProperties) = preSolution
		HideSolutionNode = FALSE
	EndGlobalSection
	GlobalSection(ExtensibilityGlobals) = postSolution
		SolutionGuid = {C8D85880-2FE1-48D2-B92A-2FB4468BB070}
	EndGlobalSection
EndGlobal
