
Microsoft Visual Studio Solution File, Format Version 12.00
# Visual Studio 15
VisualStudioVersion = 15.0.27004.2009
MinimumVisualStudioVersion = 10.0.40219.1
Project("{FAE04EC0-301F-11D3-BF4B-00C04F79EFBC}") = "task 2", "..\..\..\..\merkkijono\task 2\task 2.csproj", "{29BBA1CA-1659-480C-9193-9C9359BDD34D}"
EndProject
Project("{9A19103F-16F7-4668-BE54-9A1E7A4F7556}") = "task 1", "..\..\..\..\merkkijono\task 1\task 1.csproj", "{CC0BA413-E251-4585-8467-4082F93E269C}"
EndProject
Project("{FAE04EC0-301F-11D3-BF4B-00C04F79EFBC}") = "task 3", "..\..\..\..\merkkijono\task 3\task 3\task 3.csproj", "{AB85DB33-5C74-416A-9C5B-931D8F1B2060}"
EndProject
Project("{FAE04EC0-301F-11D3-BF4B-00C04F79EFBC}") = "task 4", "..\..\..\..\merkkijono\task 4\task 4\task 4.csproj", "{420D3930-E7A7-4952-AE12-58F5C16EDA75}"
EndProject
Project("{9A19103F-16F7-4668-BE54-9A1E7A4F7556}") = "task 3.3", "task 3.3\task 3.3.csproj", "{2B8AEE9C-4563-4EC8-B532-2C3DB614A770}"
EndProject
Global
	GlobalSection(SolutionConfigurationPlatforms) = preSolution
		Debug|Any CPU = Debug|Any CPU
		Release|Any CPU = Release|Any CPU
	EndGlobalSection
	GlobalSection(ProjectConfigurationPlatforms) = postSolution
		{29BBA1CA-1659-480C-9193-9C9359BDD34D}.Debug|Any CPU.ActiveCfg = Debug|Any CPU
		{29BBA1CA-1659-480C-9193-9C9359BDD34D}.Debug|Any CPU.Build.0 = Debug|Any CPU
		{29BBA1CA-1659-480C-9193-9C9359BDD34D}.Release|Any CPU.ActiveCfg = Release|Any CPU
		{29BBA1CA-1659-480C-9193-9C9359BDD34D}.Release|Any CPU.Build.0 = Release|Any CPU
		{CC0BA413-E251-4585-8467-4082F93E269C}.Debug|Any CPU.ActiveCfg = Debug|Any CPU
		{CC0BA413-E251-4585-8467-4082F93E269C}.Debug|Any CPU.Build.0 = Debug|Any CPU
		{CC0BA413-E251-4585-8467-4082F93E269C}.Release|Any CPU.ActiveCfg = Release|Any CPU
		{CC0BA413-E251-4585-8467-4082F93E269C}.Release|Any CPU.Build.0 = Release|Any CPU
		{AB85DB33-5C74-416A-9C5B-931D8F1B2060}.Debug|Any CPU.ActiveCfg = Debug|Any CPU
		{AB85DB33-5C74-416A-9C5B-931D8F1B2060}.Debug|Any CPU.Build.0 = Debug|Any CPU
		{AB85DB33-5C74-416A-9C5B-931D8F1B2060}.Release|Any CPU.ActiveCfg = Release|Any CPU
		{AB85DB33-5C74-416A-9C5B-931D8F1B2060}.Release|Any CPU.Build.0 = Release|Any CPU
		{420D3930-E7A7-4952-AE12-58F5C16EDA75}.Debug|Any CPU.ActiveCfg = Debug|Any CPU
		{420D3930-E7A7-4952-AE12-58F5C16EDA75}.Debug|Any CPU.Build.0 = Debug|Any CPU
		{420D3930-E7A7-4952-AE12-58F5C16EDA75}.Release|Any CPU.ActiveCfg = Release|Any CPU
		{420D3930-E7A7-4952-AE12-58F5C16EDA75}.Release|Any CPU.Build.0 = Release|Any CPU
		{2B8AEE9C-4563-4EC8-B532-2C3DB614A770}.Debug|Any CPU.ActiveCfg = Debug|Any CPU
		{2B8AEE9C-4563-4EC8-B532-2C3DB614A770}.Debug|Any CPU.Build.0 = Debug|Any CPU
		{2B8AEE9C-4563-4EC8-B532-2C3DB614A770}.Release|Any CPU.ActiveCfg = Release|Any CPU
		{2B8AEE9C-4563-4EC8-B532-2C3DB614A770}.Release|Any CPU.Build.0 = Release|Any CPU
	EndGlobalSection
	GlobalSection(SolutionProperties) = preSolution
		HideSolutionNode = FALSE
	EndGlobalSection
	GlobalSection(ExtensibilityGlobals) = postSolution
		SolutionGuid = {8CE98973-E641-4437-87A3-49E42F4F8281}
	EndGlobalSection
EndGlobal
