
Microsoft Visual Studio Solution File, Format Version 12.00
# Visual Studio 15
VisualStudioVersion = 15.0.26730.15
MinimumVisualStudioVersion = 10.0.40219.1
Project("{9A19103F-16F7-4668-BE54-9A1E7A4F7556}") = "task 3.4", "task 3.4.csproj", "{8D4B38BE-B65B-4C95-BC2F-AF1D44C63490}"
EndProject
Project("{9A19103F-16F7-4668-BE54-9A1E7A4F7556}") = "task 3.3", "..\..\task 3.3\task 3.3\task 3.3.csproj", "{3D238463-9ED8-46EB-AB59-7C753CC8C60D}"
EndProject
Project("{9A19103F-16F7-4668-BE54-9A1E7A4F7556}") = "task 3.2", "..\..\task 3.2\task 3.2.csproj", "{1C462C1B-2346-4967-990A-B45001BFF08F}"
EndProject
Project("{9A19103F-16F7-4668-BE54-9A1E7A4F7556}") = "task 3.1", "..\..\task 3.1\task 3.1\task 3.1.csproj", "{6B087954-FEDA-4B28-A24F-A3469965BFB0}"
EndProject
Project("{9A19103F-16F7-4668-BE54-9A1E7A4F7556}") = "task-2", "..\..\..\task-2\task-2.csproj", "{8C92F876-CDAD-467A-AC60-2B5AE020D12B}"
EndProject
Project("{9A19103F-16F7-4668-BE54-9A1E7A4F7556}") = "task-3", "..\..\..\task-3\task-3.csproj", "{C06510AF-1487-42BD-9FC0-4410A29D6761}"
EndProject
Global
	GlobalSection(SolutionConfigurationPlatforms) = preSolution
		Debug|Any CPU = Debug|Any CPU
		Release|Any CPU = Release|Any CPU
	EndGlobalSection
	GlobalSection(ProjectConfigurationPlatforms) = postSolution
		{8D4B38BE-B65B-4C95-BC2F-AF1D44C63490}.Debug|Any CPU.ActiveCfg = Debug|Any CPU
		{8D4B38BE-B65B-4C95-BC2F-AF1D44C63490}.Debug|Any CPU.Build.0 = Debug|Any CPU
		{8D4B38BE-B65B-4C95-BC2F-AF1D44C63490}.Release|Any CPU.ActiveCfg = Release|Any CPU
		{8D4B38BE-B65B-4C95-BC2F-AF1D44C63490}.Release|Any CPU.Build.0 = Release|Any CPU
		{3D238463-9ED8-46EB-AB59-7C753CC8C60D}.Debug|Any CPU.ActiveCfg = Debug|Any CPU
		{3D238463-9ED8-46EB-AB59-7C753CC8C60D}.Debug|Any CPU.Build.0 = Debug|Any CPU
		{3D238463-9ED8-46EB-AB59-7C753CC8C60D}.Release|Any CPU.ActiveCfg = Release|Any CPU
		{3D238463-9ED8-46EB-AB59-7C753CC8C60D}.Release|Any CPU.Build.0 = Release|Any CPU
		{1C462C1B-2346-4967-990A-B45001BFF08F}.Debug|Any CPU.ActiveCfg = Debug|Any CPU
		{1C462C1B-2346-4967-990A-B45001BFF08F}.Debug|Any CPU.Build.0 = Debug|Any CPU
		{1C462C1B-2346-4967-990A-B45001BFF08F}.Release|Any CPU.ActiveCfg = Release|Any CPU
		{1C462C1B-2346-4967-990A-B45001BFF08F}.Release|Any CPU.Build.0 = Release|Any CPU
		{6B087954-FEDA-4B28-A24F-A3469965BFB0}.Debug|Any CPU.ActiveCfg = Debug|Any CPU
		{6B087954-FEDA-4B28-A24F-A3469965BFB0}.Debug|Any CPU.Build.0 = Debug|Any CPU
		{6B087954-FEDA-4B28-A24F-A3469965BFB0}.Release|Any CPU.ActiveCfg = Release|Any CPU
		{6B087954-FEDA-4B28-A24F-A3469965BFB0}.Release|Any CPU.Build.0 = Release|Any CPU
		{8C92F876-CDAD-467A-AC60-2B5AE020D12B}.Debug|Any CPU.ActiveCfg = Debug|Any CPU
		{8C92F876-CDAD-467A-AC60-2B5AE020D12B}.Debug|Any CPU.Build.0 = Debug|Any CPU
		{8C92F876-CDAD-467A-AC60-2B5AE020D12B}.Release|Any CPU.ActiveCfg = Release|Any CPU
		{8C92F876-CDAD-467A-AC60-2B5AE020D12B}.Release|Any CPU.Build.0 = Release|Any CPU
		{C06510AF-1487-42BD-9FC0-4410A29D6761}.Debug|Any CPU.ActiveCfg = Debug|Any CPU
		{C06510AF-1487-42BD-9FC0-4410A29D6761}.Debug|Any CPU.Build.0 = Debug|Any CPU
		{C06510AF-1487-42BD-9FC0-4410A29D6761}.Release|Any CPU.ActiveCfg = Release|Any CPU
		{C06510AF-1487-42BD-9FC0-4410A29D6761}.Release|Any CPU.Build.0 = Release|Any CPU
	EndGlobalSection
	GlobalSection(SolutionProperties) = preSolution
		HideSolutionNode = FALSE
	EndGlobalSection
	GlobalSection(ExtensibilityGlobals) = postSolution
		SolutionGuid = {DACD1C33-88D9-4016-89CD-5597579011A7}
	EndGlobalSection
EndGlobal
