
Microsoft Visual Studio Solution File, Format Version 12.00
# Visual Studio 15
VisualStudioVersion = 15.0.27004.2009
MinimumVisualStudioVersion = 10.0.40219.1
Project("{FAE04EC0-301F-11D3-BF4B-00C04F79EFBC}") = "task 3.3", "task 3.3\task 3.3.csproj", "{74E21AF3-4070-4BEC-9A1D-A150C25291E3}"
EndProject
Project("{9A19103F-16F7-4668-BE54-9A1E7A4F7556}") = "task 3.2", "..\..\..\..\task 3.2\task 3.2\task 3.2.csproj", "{BA3190AB-9743-4955-8E5E-BC385548994D}"
EndProject
Global
	GlobalSection(SolutionConfigurationPlatforms) = preSolution
		Debug|Any CPU = Debug|Any CPU
		Release|Any CPU = Release|Any CPU
	EndGlobalSection
	GlobalSection(ProjectConfigurationPlatforms) = postSolution
		{74E21AF3-4070-4BEC-9A1D-A150C25291E3}.Debug|Any CPU.ActiveCfg = Debug|Any CPU
		{74E21AF3-4070-4BEC-9A1D-A150C25291E3}.Debug|Any CPU.Build.0 = Debug|Any CPU
		{74E21AF3-4070-4BEC-9A1D-A150C25291E3}.Release|Any CPU.ActiveCfg = Release|Any CPU
		{74E21AF3-4070-4BEC-9A1D-A150C25291E3}.Release|Any CPU.Build.0 = Release|Any CPU
		{BA3190AB-9743-4955-8E5E-BC385548994D}.Debug|Any CPU.ActiveCfg = Debug|Any CPU
		{BA3190AB-9743-4955-8E5E-BC385548994D}.Debug|Any CPU.Build.0 = Debug|Any CPU
		{BA3190AB-9743-4955-8E5E-BC385548994D}.Release|Any CPU.ActiveCfg = Release|Any CPU
		{BA3190AB-9743-4955-8E5E-BC385548994D}.Release|Any CPU.Build.0 = Release|Any CPU
	EndGlobalSection
	GlobalSection(SolutionProperties) = preSolution
		HideSolutionNode = FALSE
	EndGlobalSection
	GlobalSection(ExtensibilityGlobals) = postSolution
		SolutionGuid = {91826E0B-A225-4408-B5E6-68F361DFBF5A}
	EndGlobalSection
EndGlobal
